
Microsoft Visual Studio Solution File, Format Version 12.00
# Visual Studio Version 16
VisualStudioVersion = 16.0.30114.105
MinimumVisualStudioVersion = 10.0.40219.1
Project("{9A19103F-16F7-4668-BE54-9A1E7A4F7556}") = "gameshop.Core", "gameshop.Core\gameshop.Core.csproj", "{2BE3E0E1-A108-4E27-A821-3F328513A6D2}"
EndProject
Project("{9A19103F-16F7-4668-BE54-9A1E7A4F7556}") = "gameshop.Infrastructure", "gameshop.Infrastructure\gameshop.Infrastructure.csproj", "{9C8D9627-D108-44DA-ADEC-1633172B0562}"
EndProject
Project("{9A19103F-16F7-4668-BE54-9A1E7A4F7556}") = "gameshop.WebApi", "gameshop.WebApi\gameshop.WebApi.csproj", "{0D256709-62D4-4272-9221-71B130B67A9A}"
EndProject
Project("{9A19103F-16F7-4668-BE54-9A1E7A4F7556}") = "gameshop.WebApplication", "gameshop.WebApplication\gameshop.WebApplication.csproj", "{0A4C1619-1B15-4FE9-9A95-1B6177E27447}"
EndProject
Project("{FAE04EC0-301F-11D3-BF4B-00C04F79EFBC}") = "WebApplicationBlazor", "WebApplicationBlazor\WebApplicationBlazor.csproj", "{669BD441-5709-4705-BE3E-D7FA1F3058B3}"
EndProject
Global
	GlobalSection(SolutionConfigurationPlatforms) = preSolution
		Debug|Any CPU = Debug|Any CPU
		Debug|x64 = Debug|x64
		Debug|x86 = Debug|x86
		Release|Any CPU = Release|Any CPU
		Release|x64 = Release|x64
		Release|x86 = Release|x86
	EndGlobalSection
	GlobalSection(ProjectConfigurationPlatforms) = postSolution
		{2BE3E0E1-A108-4E27-A821-3F328513A6D2}.Debug|Any CPU.ActiveCfg = Debug|Any CPU
		{2BE3E0E1-A108-4E27-A821-3F328513A6D2}.Debug|Any CPU.Build.0 = Debug|Any CPU
		{2BE3E0E1-A108-4E27-A821-3F328513A6D2}.Debug|x64.ActiveCfg = Debug|Any CPU
		{2BE3E0E1-A108-4E27-A821-3F328513A6D2}.Debug|x64.Build.0 = Debug|Any CPU
		{2BE3E0E1-A108-4E27-A821-3F328513A6D2}.Debug|x86.ActiveCfg = Debug|Any CPU
		{2BE3E0E1-A108-4E27-A821-3F328513A6D2}.Debug|x86.Build.0 = Debug|Any CPU
		{2BE3E0E1-A108-4E27-A821-3F328513A6D2}.Release|Any CPU.ActiveCfg = Release|Any CPU
		{2BE3E0E1-A108-4E27-A821-3F328513A6D2}.Release|Any CPU.Build.0 = Release|Any CPU
		{2BE3E0E1-A108-4E27-A821-3F328513A6D2}.Release|x64.ActiveCfg = Release|Any CPU
		{2BE3E0E1-A108-4E27-A821-3F328513A6D2}.Release|x64.Build.0 = Release|Any CPU
		{2BE3E0E1-A108-4E27-A821-3F328513A6D2}.Release|x86.ActiveCfg = Release|Any CPU
		{2BE3E0E1-A108-4E27-A821-3F328513A6D2}.Release|x86.Build.0 = Release|Any CPU
		{9C8D9627-D108-44DA-ADEC-1633172B0562}.Debug|Any CPU.ActiveCfg = Debug|Any CPU
		{9C8D9627-D108-44DA-ADEC-1633172B0562}.Debug|Any CPU.Build.0 = Debug|Any CPU
		{9C8D9627-D108-44DA-ADEC-1633172B0562}.Debug|x64.ActiveCfg = Debug|Any CPU
		{9C8D9627-D108-44DA-ADEC-1633172B0562}.Debug|x64.Build.0 = Debug|Any CPU
		{9C8D9627-D108-44DA-ADEC-1633172B0562}.Debug|x86.ActiveCfg = Debug|Any CPU
		{9C8D9627-D108-44DA-ADEC-1633172B0562}.Debug|x86.Build.0 = Debug|Any CPU
		{9C8D9627-D108-44DA-ADEC-1633172B0562}.Release|Any CPU.ActiveCfg = Release|Any CPU
		{9C8D9627-D108-44DA-ADEC-1633172B0562}.Release|Any CPU.Build.0 = Release|Any CPU
		{9C8D9627-D108-44DA-ADEC-1633172B0562}.Release|x64.ActiveCfg = Release|Any CPU
		{9C8D9627-D108-44DA-ADEC-1633172B0562}.Release|x64.Build.0 = Release|Any CPU
		{9C8D9627-D108-44DA-ADEC-1633172B0562}.Release|x86.ActiveCfg = Release|Any CPU
		{9C8D9627-D108-44DA-ADEC-1633172B0562}.Release|x86.Build.0 = Release|Any CPU
		{0D256709-62D4-4272-9221-71B130B67A9A}.Debug|Any CPU.ActiveCfg = Debug|Any CPU
		{0D256709-62D4-4272-9221-71B130B67A9A}.Debug|Any CPU.Build.0 = Debug|Any CPU
		{0D256709-62D4-4272-9221-71B130B67A9A}.Debug|x64.ActiveCfg = Debug|Any CPU
		{0D256709-62D4-4272-9221-71B130B67A9A}.Debug|x64.Build.0 = Debug|Any CPU
		{0D256709-62D4-4272-9221-71B130B67A9A}.Debug|x86.ActiveCfg = Debug|Any CPU
		{0D256709-62D4-4272-9221-71B130B67A9A}.Debug|x86.Build.0 = Debug|Any CPU
		{0D256709-62D4-4272-9221-71B130B67A9A}.Release|Any CPU.ActiveCfg = Release|Any CPU
		{0D256709-62D4-4272-9221-71B130B67A9A}.Release|Any CPU.Build.0 = Release|Any CPU
		{0D256709-62D4-4272-9221-71B130B67A9A}.Release|x64.ActiveCfg = Release|Any CPU
		{0D256709-62D4-4272-9221-71B130B67A9A}.Release|x64.Build.0 = Release|Any CPU
		{0D256709-62D4-4272-9221-71B130B67A9A}.Release|x86.ActiveCfg = Release|Any CPU
		{0D256709-62D4-4272-9221-71B130B67A9A}.Release|x86.Build.0 = Release|Any CPU
		{0A4C1619-1B15-4FE9-9A95-1B6177E27447}.Debug|Any CPU.ActiveCfg = Debug|Any CPU
		{0A4C1619-1B15-4FE9-9A95-1B6177E27447}.Debug|Any CPU.Build.0 = Debug|Any CPU
		{0A4C1619-1B15-4FE9-9A95-1B6177E27447}.Debug|x64.ActiveCfg = Debug|Any CPU
		{0A4C1619-1B15-4FE9-9A95-1B6177E27447}.Debug|x64.Build.0 = Debug|Any CPU
		{0A4C1619-1B15-4FE9-9A95-1B6177E27447}.Debug|x86.ActiveCfg = Debug|Any CPU
		{0A4C1619-1B15-4FE9-9A95-1B6177E27447}.Debug|x86.Build.0 = Debug|Any CPU
		{0A4C1619-1B15-4FE9-9A95-1B6177E27447}.Release|Any CPU.ActiveCfg = Release|Any CPU
		{0A4C1619-1B15-4FE9-9A95-1B6177E27447}.Release|Any CPU.Build.0 = Release|Any CPU
		{0A4C1619-1B15-4FE9-9A95-1B6177E27447}.Release|x64.ActiveCfg = Release|Any CPU
		{0A4C1619-1B15-4FE9-9A95-1B6177E27447}.Release|x64.Build.0 = Release|Any CPU
		{0A4C1619-1B15-4FE9-9A95-1B6177E27447}.Release|x86.ActiveCfg = Release|Any CPU
		{0A4C1619-1B15-4FE9-9A95-1B6177E27447}.Release|x86.Build.0 = Release|Any CPU
		{669BD441-5709-4705-BE3E-D7FA1F3058B3}.Debug|Any CPU.ActiveCfg = Debug|Any CPU
		{669BD441-5709-4705-BE3E-D7FA1F3058B3}.Debug|Any CPU.Build.0 = Debug|Any CPU
		{669BD441-5709-4705-BE3E-D7FA1F3058B3}.Debug|x64.ActiveCfg = Debug|Any CPU
		{669BD441-5709-4705-BE3E-D7FA1F3058B3}.Debug|x64.Build.0 = Debug|Any CPU
		{669BD441-5709-4705-BE3E-D7FA1F3058B3}.Debug|x86.ActiveCfg = Debug|Any CPU
		{669BD441-5709-4705-BE3E-D7FA1F3058B3}.Debug|x86.Build.0 = Debug|Any CPU
		{669BD441-5709-4705-BE3E-D7FA1F3058B3}.Release|Any CPU.ActiveCfg = Release|Any CPU
		{669BD441-5709-4705-BE3E-D7FA1F3058B3}.Release|Any CPU.Build.0 = Release|Any CPU
		{669BD441-5709-4705-BE3E-D7FA1F3058B3}.Release|x64.ActiveCfg = Release|Any CPU
		{669BD441-5709-4705-BE3E-D7FA1F3058B3}.Release|x64.Build.0 = Release|Any CPU
		{669BD441-5709-4705-BE3E-D7FA1F3058B3}.Release|x86.ActiveCfg = Release|Any CPU
		{669BD441-5709-4705-BE3E-D7FA1F3058B3}.Release|x86.Build.0 = Release|Any CPU
	EndGlobalSection
	GlobalSection(SolutionProperties) = preSolution
		HideSolutionNode = FALSE
	EndGlobalSection
	GlobalSection(ExtensibilityGlobals) = postSolution
		SolutionGuid = {D83DAE58-0643-4AD6-8CD5-C30F65279714}
	EndGlobalSection
EndGlobal
